
Microsoft Visual Studio Solution File, Format Version 12.00
# Visual Studio 2013
VisualStudioVersion = 12.0.30501.0
MinimumVisualStudioVersion = 10.0.40219.1
Project("{FAE04EC0-301F-11D3-BF4B-00C04F79EFBC}") = "MockEC2InstanceMetaData.Web", "MockEC2InstanceMetaData\MockEC2InstanceMetaData.Web.csproj", "{67234F66-162D-4DA2-8232-30B8E6559EF8}"
EndProject
Project("{FAE04EC0-301F-11D3-BF4B-00C04F79EFBC}") = "MockEC2InstanceMetaData.SelfHost", "MockEC2InstanceMetaData.SelfHost\MockEC2InstanceMetaData.SelfHost.csproj", "{AAD68AA4-B464-4782-948B-B66ED56680F4}"
EndProject
Global
	GlobalSection(SolutionConfigurationPlatforms) = preSolution
		Debug|Any CPU = Debug|Any CPU
		Release|Any CPU = Release|Any CPU
	EndGlobalSection
	GlobalSection(ProjectConfigurationPlatforms) = postSolution
		{67234F66-162D-4DA2-8232-30B8E6559EF8}.Debug|Any CPU.ActiveCfg = Debug|Any CPU
		{67234F66-162D-4DA2-8232-30B8E6559EF8}.Debug|Any CPU.Build.0 = Debug|Any CPU
		{67234F66-162D-4DA2-8232-30B8E6559EF8}.Release|Any CPU.ActiveCfg = Release|Any CPU
		{67234F66-162D-4DA2-8232-30B8E6559EF8}.Release|Any CPU.Build.0 = Release|Any CPU
		{AAD68AA4-B464-4782-948B-B66ED56680F4}.Debug|Any CPU.ActiveCfg = Debug|Any CPU
		{AAD68AA4-B464-4782-948B-B66ED56680F4}.Debug|Any CPU.Build.0 = Debug|Any CPU
		{AAD68AA4-B464-4782-948B-B66ED56680F4}.Release|Any CPU.ActiveCfg = Release|Any CPU
		{AAD68AA4-B464-4782-948B-B66ED56680F4}.Release|Any CPU.Build.0 = Release|Any CPU
	EndGlobalSection
	GlobalSection(SolutionProperties) = preSolution
		HideSolutionNode = FALSE
	EndGlobalSection
EndGlobal
